{
  "pins" : [
    {
      "identity" : "countrypickerview",
      "kind" : "remoteSourceControl",
      "location" : "https://github.com/kizitonwose/CountryPickerView.git",
      "state" : {
        "revision" : "6ecf22145d577411fb97c8c964df0fb5886f035f",
        "version" : "3.3.0"
      }
    }
  ],
  "version" : 2
}
